
Microsoft Visual Studio Solution File, Format Version 12.00
# Visual Studio Version 17
VisualStudioVersion = 17.7.34202.233
MinimumVisualStudioVersion = 10.0.40219.1
Project("{FAE04EC0-301F-11D3-BF4B-00C04F79EFBC}") = "Лаба асвт lock", "Лаба асвт lock\Лаба асвт lock.csproj", "{B0BA3A52-29A6-4297-A27E-264B462034BA}"
EndProject
Global
	GlobalSection(SolutionConfigurationPlatforms) = preSolution
		Debug|Any CPU = Debug|Any CPU
		Release|Any CPU = Release|Any CPU
	EndGlobalSection
	GlobalSection(ProjectConfigurationPlatforms) = postSolution
		{B0BA3A52-29A6-4297-A27E-264B462034BA}.Debug|Any CPU.ActiveCfg = Debug|Any CPU
		{B0BA3A52-29A6-4297-A27E-264B462034BA}.Debug|Any CPU.Build.0 = Debug|Any CPU
		{B0BA3A52-29A6-4297-A27E-264B462034BA}.Release|Any CPU.ActiveCfg = Release|Any CPU
		{B0BA3A52-29A6-4297-A27E-264B462034BA}.Release|Any CPU.Build.0 = Release|Any CPU
	EndGlobalSection
	GlobalSection(SolutionProperties) = preSolution
		HideSolutionNode = FALSE
	EndGlobalSection
	GlobalSection(ExtensibilityGlobals) = postSolution
		SolutionGuid = {6FAEBA2A-8747-4FDB-9C4C-502DA5A69BCF}
	EndGlobalSection
EndGlobal
